
Microsoft Visual Studio Solution File, Format Version 12.00
# Visual Studio 15
Project("{FAE04EC0-301F-11D3-BF4B-00C04F79EFBC}") = "Unity.ThirdParty", "Unity.ThirdParty.csproj", "{05CE8027-6041-1E19-D80A-46B2C58DAE87}"
EndProject
Project("{FAE04EC0-301F-11D3-BF4B-00C04F79EFBC}") = "Unity.Model", "Unity.Model.csproj", "{D76EBC9A-479E-1D2B-BDD1-0EF45BE22369}"
EndProject
Project("{FAE04EC0-301F-11D3-BF4B-00C04F79EFBC}") = "Unity.Editor", "Unity.Editor.csproj", "{5E97E37C-7FA8-1EE4-8C25-8BB7FB3E765A}"
EndProject
Project("{FAE04EC0-301F-11D3-BF4B-00C04F79EFBC}") = "Unity.Hotfix", "Unity.Hotfix.csproj", "{26A91D48-49EE-EE1D-3295-DA63EB8C3757}"
EndProject
Global
	GlobalSection(SolutionConfigurationPlatforms) = preSolution
		Debug|Any CPU = Debug|Any CPU
		Release|Any CPU = Release|Any CPU
	EndGlobalSection
	GlobalSection(ProjectConfigurationPlatforms) = postSolution
		{05CE8027-6041-1E19-D80A-46B2C58DAE87}.Debug|Any CPU.ActiveCfg = Debug|Any CPU
		{05CE8027-6041-1E19-D80A-46B2C58DAE87}.Debug|Any CPU.Build.0 = Debug|Any CPU
		{05CE8027-6041-1E19-D80A-46B2C58DAE87}.Release|Any CPU.ActiveCfg = Release|Any CPU
		{05CE8027-6041-1E19-D80A-46B2C58DAE87}.Release|Any CPU.Build.0 = Release|Any CPU
		{D76EBC9A-479E-1D2B-BDD1-0EF45BE22369}.Debug|Any CPU.ActiveCfg = Debug|Any CPU
		{D76EBC9A-479E-1D2B-BDD1-0EF45BE22369}.Debug|Any CPU.Build.0 = Debug|Any CPU
		{D76EBC9A-479E-1D2B-BDD1-0EF45BE22369}.Release|Any CPU.ActiveCfg = Release|Any CPU
		{D76EBC9A-479E-1D2B-BDD1-0EF45BE22369}.Release|Any CPU.Build.0 = Release|Any CPU
		{5E97E37C-7FA8-1EE4-8C25-8BB7FB3E765A}.Debug|Any CPU.ActiveCfg = Debug|Any CPU
		{5E97E37C-7FA8-1EE4-8C25-8BB7FB3E765A}.Debug|Any CPU.Build.0 = Debug|Any CPU
		{5E97E37C-7FA8-1EE4-8C25-8BB7FB3E765A}.Release|Any CPU.ActiveCfg = Release|Any CPU
		{5E97E37C-7FA8-1EE4-8C25-8BB7FB3E765A}.Release|Any CPU.Build.0 = Release|Any CPU
		{26A91D48-49EE-EE1D-3295-DA63EB8C3757}.Debug|Any CPU.ActiveCfg = Debug|Any CPU
		{26A91D48-49EE-EE1D-3295-DA63EB8C3757}.Debug|Any CPU.Build.0 = Debug|Any CPU
		{26A91D48-49EE-EE1D-3295-DA63EB8C3757}.Release|Any CPU.ActiveCfg = Release|Any CPU
		{26A91D48-49EE-EE1D-3295-DA63EB8C3757}.Release|Any CPU.Build.0 = Release|Any CPU
	EndGlobalSection
	GlobalSection(SolutionProperties) = preSolution
		HideSolutionNode = FALSE
	EndGlobalSection
EndGlobal
