
Microsoft Visual Studio Solution File, Format Version 12.00
# Visual Studio Version 16
VisualStudioVersion = 16.0.31729.503
MinimumVisualStudioVersion = 10.0.40219.1
Project("{9A19103F-16F7-4668-BE54-9A1E7A4F7556}") = "ConsoleApp1", "ConsoleApp1\ConsoleApp1.csproj", "{50F4740D-CD8C-4227-9A67-DA911587838A}"
EndProject
Project("{FAE04EC0-301F-11D3-BF4B-00C04F79EFBC}") = "Proto.Google", "Proto\Proto.Google.csproj", "{DEE53E86-B2EA-402F-AAA1-145398F3E381}"
EndProject
Project("{FAE04EC0-301F-11D3-BF4B-00C04F79EFBC}") = "Proto.Net", "Proto.Net\Proto.Net.csproj", "{27EA4168-ADF9-45FE-AE9A-6A185E13B316}"
EndProject
Global
	GlobalSection(SolutionConfigurationPlatforms) = preSolution
		Debug|Any CPU = Debug|Any CPU
		Release|Any CPU = Release|Any CPU
	EndGlobalSection
	GlobalSection(ProjectConfigurationPlatforms) = postSolution
		{50F4740D-CD8C-4227-9A67-DA911587838A}.Debug|Any CPU.ActiveCfg = Debug|Any CPU
		{50F4740D-CD8C-4227-9A67-DA911587838A}.Debug|Any CPU.Build.0 = Debug|Any CPU
		{50F4740D-CD8C-4227-9A67-DA911587838A}.Release|Any CPU.ActiveCfg = Release|Any CPU
		{50F4740D-CD8C-4227-9A67-DA911587838A}.Release|Any CPU.Build.0 = Release|Any CPU
		{DEE53E86-B2EA-402F-AAA1-145398F3E381}.Debug|Any CPU.ActiveCfg = Debug|Any CPU
		{DEE53E86-B2EA-402F-AAA1-145398F3E381}.Debug|Any CPU.Build.0 = Debug|Any CPU
		{DEE53E86-B2EA-402F-AAA1-145398F3E381}.Release|Any CPU.ActiveCfg = Release|Any CPU
		{DEE53E86-B2EA-402F-AAA1-145398F3E381}.Release|Any CPU.Build.0 = Release|Any CPU
		{27EA4168-ADF9-45FE-AE9A-6A185E13B316}.Debug|Any CPU.ActiveCfg = Debug|Any CPU
		{27EA4168-ADF9-45FE-AE9A-6A185E13B316}.Debug|Any CPU.Build.0 = Debug|Any CPU
		{27EA4168-ADF9-45FE-AE9A-6A185E13B316}.Release|Any CPU.ActiveCfg = Release|Any CPU
		{27EA4168-ADF9-45FE-AE9A-6A185E13B316}.Release|Any CPU.Build.0 = Release|Any CPU
	EndGlobalSection
	GlobalSection(SolutionProperties) = preSolution
		HideSolutionNode = FALSE
	EndGlobalSection
	GlobalSection(ExtensibilityGlobals) = postSolution
		SolutionGuid = {9B45907C-73E6-4674-ADB9-EB0E3158434C}
	EndGlobalSection
EndGlobal
